
Microsoft Visual Studio Solution File, Format Version 12.00
# Visual Studio Version 17
VisualStudioVersion = 17.3.32512.399
MinimumVisualStudioVersion = 10.0.40219.1
Project("{FAE04EC0-301F-11D3-BF4B-00C04F79EFBC}") = "MauiPane", "MauiPane\MauiPane.csproj", "{8BB4BFD0-9CF0-476E-AC58-FB2C06A7A79C}"
EndProject
Project("{FAE04EC0-301F-11D3-BF4B-00C04F79EFBC}") = "MauiPane.Gallery", "MauiPane.Gallery\MauiPane.Gallery.csproj", "{08C938D2-9FF1-4D58-B5BD-186B42CA9A1E}"
EndProject
Global
	GlobalSection(SolutionConfigurationPlatforms) = preSolution
		Debug|Any CPU = Debug|Any CPU
		Release|Any CPU = Release|Any CPU
	EndGlobalSection
	GlobalSection(ProjectConfigurationPlatforms) = postSolution
		{8BB4BFD0-9CF0-476E-AC58-FB2C06A7A79C}.Debug|Any CPU.ActiveCfg = Debug|Any CPU
		{8BB4BFD0-9CF0-476E-AC58-FB2C06A7A79C}.Debug|Any CPU.Build.0 = Debug|Any CPU
		{8BB4BFD0-9CF0-476E-AC58-FB2C06A7A79C}.Release|Any CPU.ActiveCfg = Release|Any CPU
		{8BB4BFD0-9CF0-476E-AC58-FB2C06A7A79C}.Release|Any CPU.Build.0 = Release|Any CPU
		{08C938D2-9FF1-4D58-B5BD-186B42CA9A1E}.Debug|Any CPU.ActiveCfg = Debug|Any CPU
		{08C938D2-9FF1-4D58-B5BD-186B42CA9A1E}.Debug|Any CPU.Build.0 = Debug|Any CPU
		{08C938D2-9FF1-4D58-B5BD-186B42CA9A1E}.Debug|Any CPU.Deploy.0 = Debug|Any CPU
		{08C938D2-9FF1-4D58-B5BD-186B42CA9A1E}.Release|Any CPU.ActiveCfg = Release|Any CPU
		{08C938D2-9FF1-4D58-B5BD-186B42CA9A1E}.Release|Any CPU.Build.0 = Release|Any CPU
		{08C938D2-9FF1-4D58-B5BD-186B42CA9A1E}.Release|Any CPU.Deploy.0 = Release|Any CPU
	EndGlobalSection
	GlobalSection(SolutionProperties) = preSolution
		HideSolutionNode = FALSE
	EndGlobalSection
	GlobalSection(ExtensibilityGlobals) = postSolution
		SolutionGuid = {D0686700-B47A-463F-8776-A62C0B14D049}
	EndGlobalSection
EndGlobal
